<?xml version="1.0" encoding="utf-8"?>
<Project ToolsVersion="4.0" xmlns="http://schemas.microsoft.com/developer/msbuild/2003">
  <ItemGroup>
    <Filter Include="Source Files">
      <UniqueIdentifier>{4FC737F1-C7A5-4376-A066-2A32D752A2FF}</UniqueIdentifier>
      <Extensions>cpp;c;cc;cxx;c++;cppm;ixx;def;odl;idl;hpj;bat;asm;asmx</Extensions>
    </Filter>
    <Filter Include="Header Files">
      <UniqueIdentifier>{93995380-89BD-4b04-88EB-625FBE52EBFB}</UniqueIdentifier>
      <Extensions>h;hh;hpp;hxx;h++;hm;inl;inc;ipp;xsd</Extensions>
    </Filter>
    <Filter Include="Resource Files">
      <UniqueIdentifier>{67DA6AB6-F800-4c08-8B7A-83BB121AAD01}</UniqueIdentifier>
      <Extensions>rc;ico;cur;bmp;dlg;rc2;rct;bin;rgs;gif;jpg;jpeg;jpe;resx;tiff;tif;png;wav;mfcribbon-ms</Extensions>
    </Filter>
    <Filter Include="Source Files\Shaders">
      <UniqueIdentifier>{c2ac8e98-bcec-4725-b5a9-716f73aaf3df}</UniqueIdentifier>
    </Filter>
  </ItemGroup>
  <ItemGroup>
    <ClCompile Include="Main.cpp">
      <Filter>Source Files</Filter>
    </ClCompile>
    <ClCompile Include="..\..\..\..\Documents\libraries\glad\src\glad.c">
      <Filter>Source Files</Filter>
    </ClCompile>
    <ClCompile Include="Square.cpp">
      <Filter>Source Files</Filter>
    </ClCompile>
    <ClCompile Include="stb_image.cpp">
      <Filter>Source Files</Filter>
    </ClCompile>
    <ClCompile Include="Camera.cpp">
      <Filter>Source Files</Filter>
    </ClCompile>
    <ClCompile Include="Camera2.cpp">
      <Filter>Source Files</Filter>
    </ClCompile>
    <ClCompile Include="Mesh.cpp">
      <Filter>Source Files</Filter>
    </ClCompile>
    <ClCompile Include="Model.cpp">
      <Filter>Source Files</Filter>
    </ClCompile>
  </ItemGroup>
  <ItemGroup>
    <None Include="..\README.md" />
    <None Include="texture.vs">
      <Filter>Source Files\Shaders</Filter>
    </None>
    <None Include="texture.fs">
      <Filter>Source Files\Shaders</Filter>
    </None>
    <None Include="shader1.vs">
      <Filter>Source Files\Shaders</Filter>
    </None>
    <None Include="shader1.fs">
      <Filter>Source Files\Shaders</Filter>
    </None>
    <None Include="transformation.vs">
      <Filter>Source Files\Shaders</Filter>
    </None>
    <None Include="coordinate.vs">
      <Filter>Source Files\Shaders</Filter>
    </None>
    <None Include="lighting_object.vs">
      <Filter>Source Files\Shaders</Filter>
    </None>
    <None Include="lighting_object.fs">
      <Filter>Source Files\Shaders</Filter>
    </None>
    <None Include="lighting_light.vs">
      <Filter>Source Files\Shaders</Filter>
    </None>
    <None Include="lighting_light.fs">
      <Filter>Source Files\Shaders</Filter>
    </None>
    <None Include="material.vs">
      <Filter>Source Files\Shaders</Filter>
    </None>
    <None Include="material.fs">
      <Filter>Source Files\Shaders</Filter>
    </None>
    <None Include="material2.vs">
      <Filter>Source Files\Shaders</Filter>
    </None>
    <None Include="material2.fs">
      <Filter>Source Files\Shaders</Filter>
    </None>
    <None Include="light_casters.fs">
      <Filter>Source Files\Shaders</Filter>
    </None>
    <None Include="attenuation.fs">
      <Filter>Source Files\Shaders</Filter>
    </None>
    <None Include="spotlight.fs">
      <Filter>Source Files\Shaders</Filter>
    </None>
    <None Include="multiple_lights.fs">
      <Filter>Source Files\Shaders</Filter>
    </None>
    <None Include="linking\include\.editorconfig" />
    <None Include="linking\include\config.h.in" />
    <None Include="model_loading.vs">
      <Filter>Source Files\Shaders</Filter>
    </None>
    <None Include="model_loading.fs">
      <Filter>Source Files\Shaders</Filter>
    </None>
  </ItemGroup>
  <ItemGroup>
    <ClInclude Include="Square.h">
      <Filter>Header Files</Filter>
    </ClInclude>
    <ClInclude Include="stb_image.h">
      <Filter>Header Files</Filter>
    </ClInclude>
    <ClInclude Include="Shader.h">
      <Filter>Header Files</Filter>
    </ClInclude>
    <ClInclude Include="Camera.h">
      <Filter>Header Files</Filter>
    </ClInclude>
    <ClInclude Include="Camera2.h">
      <Filter>Header Files</Filter>
    </ClInclude>
    <ClInclude Include="Mesh.h">
      <Filter>Header Files</Filter>
    </ClInclude>
    <ClInclude Include="Model.h">
      <Filter>Header Files</Filter>
    </ClInclude>
  </ItemGroup>
  <ItemGroup>
    <Image Include="container2.png">
      <Filter>Source Files</Filter>
    </Image>
    <Image Include="container2_specular.png">
      <Filter>Source Files</Filter>
    </Image>
    <Image Include="matrix.jpg">
      <Filter>Source Files</Filter>
    </Image>
  </ItemGroup>
</Project>